// !$*UTF8*$!
{
	archiveVersion = 1;
	classes = {
	};
	objectVersion = 56;
	objects = {

/* Begin PBXBuildFile section */
		50906F7C2BC61F6C00995CB8 /* WaterIntakeApp.swift in Sources */ = {isa = PBXBuildFile; fileRef = 50906F7B2BC61F6C00995CB8 /* WaterIntakeApp.swift */; };
		50906F7E2BC61F6C00995CB8 /* ContentView.swift in Sources */ = {isa = PBXBuildFile; fileRef = 50906F7D2BC61F6C00995CB8 /* ContentView.swift */; };
		50906F802BC61F8000995CB8 /* Assets.xcassets in Resources */ = {isa = PBXBuildFile; fileRef = 50906F7F2BC61F8000995CB8 /* Assets.xcassets */; };
		50906F832BC61F8000995CB8 /* Preview Assets.xcassets in Resources */ = {isa = PBXBuildFile; fileRef = 50906F822BC61F8000995CB8 /* Preview Assets.xcassets */; };
		50906F8D2BC61F8100995CB8 /* WaterIntakeTests.swift in Sources */ = {isa = PBXBuildFile; fileRef = 50906F8C2BC61F8100995CB8 /* WaterIntakeTests.swift */; };
		50906F972BC61F8100995CB8 /* WaterIntakeUITests.swift in Sources */ = {isa = PBXBuildFile; fileRef = 50906F962BC61F8100995CB8 /* WaterIntakeUITests.swift */; };
		50906F992BC61F8100995CB8 /* WaterIntakeUITestsLaunchTests.swift in Sources */ = {isa = PBXBuildFile; fileRef = 50906F982BC61F8100995CB8 /* WaterIntakeUITestsLaunchTests.swift */; };
		50906FA82BC63FDE00995CB8 /* SwiftUICharts in Frameworks */ = {isa = PBXBuildFile; productRef = 50906FA72BC63FDE00995CB8 /* SwiftUICharts */; };
/* End PBXBuildFile section */

/* Begin PBXContainerItemProxy section */
		50906F892BC61F8100995CB8 /* PBXContainerItemProxy */ = {
			isa = PBXContainerItemProxy;
			containerPortal = 50906F702BC61F6C00995CB8 /* Project object */;
			proxyType = 1;
			remoteGlobalIDString = 50906F772BC61F6C00995CB8;
			remoteInfo = WaterIntake;
		};
		50906F932BC61F8100995CB8 /* PBXContainerItemProxy */ = {
			isa = PBXContainerItemProxy;
			containerPortal = 50906F702BC61F6C00995CB8 /* Project object */;
			proxyType = 1;
			remoteGlobalIDString = 50906F772BC61F6C00995CB8;
			remoteInfo = WaterIntake;
		};
/* End PBXContainerItemProxy section */

/* Begin PBXFileReference section */
		50906F782BC61F6C00995CB8 /* WaterIntake.app */ = {isa = PBXFileReference; explicitFileType = wrapper.application; includeInIndex = 0; path = WaterIntake.app; sourceTree = BUILT_PRODUCTS_DIR; };
		50906F7B2BC61F6C00995CB8 /* WaterIntakeApp.swift */ = {isa = PBXFileReference; lastKnownFileType = sourcecode.swift; path = WaterIntakeApp.swift; sourceTree = "<group>"; };
		50906F7D2BC61F6C00995CB8 /* ContentView.swift */ = {isa = PBXFileReference; lastKnownFileType = sourcecode.swift; path = ContentView.swift; sourceTree = "<group>"; };
		50906F7F2BC61F8000995CB8 /* Assets.xcassets */ = {isa = PBXFileReference; lastKnownFileType = folder.assetcatalog; path = Assets.xcassets; sourceTree = "<group>"; };
		50906F822BC61F8000995CB8 /* Preview Assets.xcassets */ = {isa = PBXFileReference; lastKnownFileType = folder.assetcatalog; path = "Preview Assets.xcassets"; sourceTree = "<group>"; };
		50906F882BC61F8100995CB8 /* WaterIntakeTests.xctest */ = {isa = PBXFileReference; explicitFileType = wrapper.cfbundle; includeInIndex = 0; path = WaterIntakeTests.xctest; sourceTree = BUILT_PRODUCTS_DIR; };
		50906F8C2BC61F8100995CB8 /* WaterIntakeTests.swift */ = {isa = PBXFileReference; lastKnownFileType = sourcecode.swift; path = WaterIntakeTests.swift; sourceTree = "<group>"; };
		50906F922BC61F8100995CB8 /* WaterIntakeUITests.xctest */ = {isa = PBXFileReference; explicitFileType = wrapper.cfbundle; includeInIndex = 0; path = WaterIntakeUITests.xctest; sourceTree = BUILT_PRODUCTS_DIR; };
		50906F962BC61F8100995CB8 /* WaterIntakeUITests.swift */ = {isa = PBXFileReference; lastKnownFileType = sourcecode.swift; path = WaterIntakeUITests.swift; sourceTree = "<group>"; };
		50906F982BC61F8100995CB8 /* WaterIntakeUITestsLaunchTests.swift */ = {isa = PBXFileReference; lastKnownFileType = sourcecode.swift; path = WaterIntakeUITestsLaunchTests.swift; sourceTree = "<group>"; };
/* End PBXFileReference section */

/* Begin PBXFrameworksBuildPhase section */
		50906F752BC61F6C00995CB8 /* Frameworks */ = {
			isa = PBXFrameworksBuildPhase;
			buildActionMask = 2147483647;
			files = (
				50906FA82BC63FDE00995CB8 /* SwiftUICharts in Frameworks */,
			);
			runOnlyForDeploymentPostprocessing = 0;
		};
		50906F852BC61F8100995CB8 /* Frameworks */ = {
			isa = PBXFrameworksBuildPhase;
			buildActionMask = 2147483647;
			files = (
			);
			runOnlyForDeploymentPostprocessing = 0;
		};
		50906F8F2BC61F8100995CB8 /* Frameworks */ = {
			isa = PBXFrameworksBuildPhase;
			buildActionMask = 2147483647;
			files = (
			);
			runOnlyForDeploymentPostprocessing = 0;
		};
/* End PBXFrameworksBuildPhase section */

/* Begin PBXGroup section */
		50906F6F2BC61F6C00995CB8 = {
			isa = PBXGroup;
			children = (
				50906F7A2BC61F6C00995CB8 /* WaterIntake */,
				50906F8B2BC61F8100995CB8 /* WaterIntakeTests */,
				50906F952BC61F8100995CB8 /* WaterIntakeUITests */,
				50906F792BC61F6C00995CB8 /* Products */,
			);
			sourceTree = "<group>";
		};
		50906F792BC61F6C00995CB8 /* Products */ = {
			isa = PBXGroup;
			children = (
				50906F782BC61F6C00995CB8 /* WaterIntake.app */,
				50906F882BC61F8100995CB8 /* WaterIntakeTests.xctest */,
				50906F922BC61F8100995CB8 /* WaterIntakeUITests.xctest */,
			);
			name = Products;
			sourceTree = "<group>";
		};
		50906F7A2BC61F6C00995CB8 /* WaterIntake */ = {
			isa = PBXGroup;
			children = (
				50906F7B2BC61F6C00995CB8 /* WaterIntakeApp.swift */,
				50906F7D2BC61F6C00995CB8 /* ContentView.swift */,
				50906F7F2BC61F8000995CB8 /* Assets.xcassets */,
				50906F812BC61F8000995CB8 /* Preview Content */,
			);
			path = WaterIntake;
			sourceTree = "<group>";
		};
		50906F812BC61F8000995CB8 /* Preview Content */ = {
			isa = PBXGroup;
			children = (
				50906F822BC61F8000995CB8 /* Preview Assets.xcassets */,
			);
			path = "Preview Content";
			sourceTree = "<group>";
		};
		50906F8B2BC61F8100995CB8 /* WaterIntakeTests */ = {
			isa = PBXGroup;
			children = (
				50906F8C2BC61F8100995CB8 /* WaterIntakeTests.swift */,
			);
			path = WaterIntakeTests;
			sourceTree = "<group>";
		};
		50906F952BC61F8100995CB8 /* WaterIntakeUITests */ = {
			isa = PBXGroup;
			children = (
				50906F962BC61F8100995CB8 /* WaterIntakeUITests.swift */,
				50906F982BC61F8100995CB8 /* WaterIntakeUITestsLaunchTests.swift */,
			);
			path = WaterIntakeUITests;
			sourceTree = "<group>";
		};
/* End PBXGroup section */

/* Begin PBXNativeTarget section */
		50906F772BC61F6C00995CB8 /* WaterIntake */ = {
			isa = PBXNativeTarget;
			buildConfigurationList = 50906F9C2BC61F8100995CB8 /* Build configuration list for PBXNativeTarget "WaterIntake" */;
			buildPhases = (
				50906F742BC61F6C00995CB8 /* Sources */,
				50906F752BC61F6C00995CB8 /* Frameworks */,
				50906F762BC61F6C00995CB8 /* Resources */,
			);
			buildRules = (
			);
			dependencies = (
			);
			name = WaterIntake;
			packageProductDependencies = (
				50906FA72BC63FDE00995CB8 /* SwiftUICharts */,
			);
			productName = WaterIntake;
			productReference = 50906F782BC61F6C00995CB8 /* WaterIntake.app */;
			productType = "com.apple.product-type.application";
		};
		50906F872BC61F8100995CB8 /* WaterIntakeTests */ = {
			isa = PBXNativeTarget;
			buildConfigurationList = 50906F9F2BC61F8100995CB8 /* Build configuration list for PBXNativeTarget "WaterIntakeTests" */;
			buildPhases = (
				50906F842BC61F8100995CB8 /* Sources */,
				50906F852BC61F8100995CB8 /* Frameworks */,
				50906F862BC61F8100995CB8 /* Resources */,
			);
			buildRules = (
			);
			dependencies = (
				50906F8A2BC61F8100995CB8 /* PBXTargetDependency */,
			);
			name = WaterIntakeTests;
			productName = WaterIntakeTests;
			productReference = 50906F882BC61F8100995CB8 /* WaterIntakeTests.xctest */;
			productType = "com.apple.product-type.bundle.unit-test";
		};
		50906F912BC61F8100995CB8 /* WaterIntakeUITests */ = {
			isa = PBXNativeTarget;
			buildConfigurationList = 50906FA22BC61F8100995CB8 /* Build configuration list for PBXNativeTarget "WaterIntakeUITests" */;
			buildPhases = (
				50906F8E2BC61F8100995CB8 /* Sources */,
				50906F8F2BC61F8100995CB8 /* Frameworks */,
				50906F902BC61F8100995CB8 /* Resources */,
			);
			buildRules = (
			);
			dependencies = (
				50906F942BC61F8100995CB8 /* PBXTargetDependency */,
			);
			name = WaterIntakeUITests;
			productName = WaterIntakeUITests;
			productReference = 50906F922BC61F8100995CB8 /* WaterIntakeUITests.xctest */;
			productType = "com.apple.product-type.bundle.ui-testing";
		};
/* End PBXNativeTarget section */

/* Begin PBXProject section */
		50906F702BC61F6C00995CB8 /* Project object */ = {
			isa = PBXProject;
			attributes = {
				BuildIndependentTargetsInParallel = 1;
				LastSwiftUpdateCheck = 1520;
				LastUpgradeCheck = 1520;
				TargetAttributes = {
					50906F772BC61F6C00995CB8 = {
						CreatedOnToolsVersion = 15.2;
					};
					50906F872BC61F8100995CB8 = {
						CreatedOnToolsVersion = 15.2;
						TestTargetID = 50906F772BC61F6C00995CB8;
					};
					50906F912BC61F8100995CB8 = {
						CreatedOnToolsVersion = 15.2;
						TestTargetID = 50906F772BC61F6C00995CB8;
					};
				};
			};
			buildConfigurationList = 50906F732BC61F6C00995CB8 /* Build configuration list for PBXProject "WaterIntake" */;
			compatibilityVersion = "Xcode 14.0";
			developmentRegion = en;
			hasScannedForEncodings = 0;
			knownRegions = (
				en,
				Base,
			);
			mainGroup = 50906F6F2BC61F6C00995CB8;
			packageReferences = (
				50906FA62BC63FDE00995CB8 /* XCRemoteSwiftPackageReference "ChartView" */,
			);
			productRefGroup = 50906F792BC61F6C00995CB8 /* Products */;
			projectDirPath = "";
			projectRoot = "";
			targets = (
				50906F772BC61F6C00995CB8 /* WaterIntake */,
				50906F872BC61F8100995CB8 /* WaterIntakeTests */,
				50906F912BC61F8100995CB8 /* WaterIntakeUITests */,
			);
		};
/* End PBXProject section */

/* Begin PBXResourcesBuildPhase section */
		50906F762BC61F6C00995CB8 /* Resources */ = {
			isa = PBXResourcesBuildPhase;
			buildActionMask = 2147483647;
			files = (
				50906F832BC61F8000995CB8 /* Preview Assets.xcassets in Resources */,
				50906F802BC61F8000995CB8 /* Assets.xcassets in Resources */,
			);
			runOnlyForDeploymentPostprocessing = 0;
		};
		50906F862BC61F8100995CB8 /* Resources */ = {
			isa = PBXResourcesBuildPhase;
			buildActionMask = 2147483647;
			files = (
			);
			runOnlyForDeploymentPostprocessing = 0;
		};
		50906F902BC61F8100995CB8 /* Resources */ = {
			isa = PBXResourcesBuildPhase;
			buildActionMask = 2147483647;
			files = (
			);
			runOnlyForDeploymentPostprocessing = 0;
		};
/* End PBXResourcesBuildPhase section */

/* Begin PBXSourcesBuildPhase section */
		50906F742BC61F6C00995CB8 /* Sources */ = {
			isa = PBXSourcesBuildPhase;
			buildActionMask = 2147483647;
			files = (
				50906F7E2BC61F6C00995CB8 /* ContentView.swift in Sources */,
				50906F7C2BC61F6C00995CB8 /* WaterIntakeApp.swift in Sources */,
			);
			runOnlyForDeploymentPostprocessing = 0;
		};
		50906F842BC61F8100995CB8 /* Sources */ = {
			isa = PBXSourcesBuildPhase;
			buildActionMask = 2147483647;
			files = (
				50906F8D2BC61F8100995CB8 /* WaterIntakeTests.swift in Sources */,
			);
			runOnlyForDeploymentPostprocessing = 0;
		};
		50906F8E2BC61F8100995CB8 /* Sources */ = {
			isa = PBXSourcesBuildPhase;
			buildActionMask = 2147483647;
			files = (
				50906F992BC61F8100995CB8 /* WaterIntakeUITestsLaunchTests.swift in Sources */,
				50906F972BC61F8100995CB8 /* WaterIntakeUITests.swift in Sources */,
			);
			runOnlyForDeploymentPostprocessing = 0;
		};
/* End PBXSourcesBuildPhase section */

/* Begin PBXTargetDependency section */
		50906F8A2BC61F8100995CB8 /* PBXTargetDependency */ = {
			isa = PBXTargetDependency;
			target = 50906F772BC61F6C00995CB8 /* WaterIntake */;
			targetProxy = 50906F892BC61F8100995CB8 /* PBXContainerItemProxy */;
		};
		50906F942BC61F8100995CB8 /* PBXTargetDependency */ = {
			isa = PBXTargetDependency;
			target = 50906F772BC61F6C00995CB8 /* WaterIntake */;
			targetProxy = 50906F932BC61F8100995CB8 /* PBXContainerItemProxy */;
		};
/* End PBXTargetDependency section */

/* Begin XCBuildConfiguration section */
		50906F9A2BC61F8100995CB8 /* Debug */ = {
			isa = XCBuildConfiguration;
			buildSettings = {
				ALWAYS_SEARCH_USER_PATHS = NO;
				ASSETCATALOG_COMPILER_GENERATE_SWIFT_ASSET_SYMBOL_EXTENSIONS = YES;
				CLANG_ANALYZER_NONNULL = YES;
				CLANG_ANALYZER_NUMBER_OBJECT_CONVERSION = YES_AGGRESSIVE;
				CLANG_CXX_LANGUAGE_STANDARD = "gnu++20";
				CLANG_ENABLE_MODULES = YES;
				CLANG_ENABLE_OBJC_ARC = YES;
				CLANG_ENABLE_OBJC_WEAK = YES;
				CLANG_WARN_BLOCK_CAPTURE_AUTORELEASING = YES;
				CLANG_WARN_BOOL_CONVERSION = YES;
				CLANG_WARN_COMMA = YES;
				CLANG_WARN_CONSTANT_CONVERSION = YES;
				CLANG_WARN_DEPRECATED_OBJC_IMPLEMENTATIONS = YES;
				CLANG_WARN_DIRECT_OBJC_ISA_USAGE = YES_ERROR;
				CLANG_WARN_DOCUMENTATION_COMMENTS = YES;
				CLANG_WARN_EMPTY_BODY = YES;
				CLANG_WARN_ENUM_CONVERSION = YES;
				CLANG_WARN_INFINITE_RECURSION = YES;
				CLANG_WARN_INT_CONVERSION = YES;
				CLANG_WARN_NON_LITERAL_NULL_CONVERSION = YES;
				CLANG_WARN_OBJC_IMPLICIT_RETAIN_SELF = YES;
				CLANG_WARN_OBJC_LITERAL_CONVERSION = YES;
				CLANG_WARN_OBJC_ROOT_CLASS = YES_ERROR;
				CLANG_WARN_QUOTED_INCLUDE_IN_FRAMEWORK_HEADER = YES;
				CLANG_WARN_RANGE_LOOP_ANALYSIS = YES;
				CLANG_WARN_STRICT_PROTOTYPES = YES;
				CLANG_WARN_SUSPICIOUS_MOVE = YES;
				CLANG_WARN_UNGUARDED_AVAILABILITY = YES_AGGRESSIVE;
				CLANG_WARN_UNREACHABLE_CODE = YES;
				CLANG_WARN__DUPLICATE_METHOD_MATCH = YES;
				COPY_PHASE_STRIP = NO;
				DEBUG_INFORMATION_FORMAT = dwarf;
				ENABLE_STRICT_OBJC_MSGSEND = YES;
				ENABLE_TESTABILITY = YES;
				ENABLE_USER_SCRIPT_SANDBOXING = YES;
				GCC_C_LANGUAGE_STANDARD = gnu17;
				GCC_DYNAMIC_NO_PIC = NO;
				GCC_NO_COMMON_BLOCKS = YES;
				GCC_OPTIMIZATION_LEVEL = 0;
				GCC_PREPROCESSOR_DEFINITIONS = (
					"DEBUG=1",
					"$(inherited)",
				);
				GCC_WARN_64_TO_32_BIT_CONVERSION = YES;
				GCC_WARN_ABOUT_RETURN_TYPE = YES_ERROR;
				GCC_WARN_UNDECLARED_SELECTOR = YES;
				GCC_WARN_UNINITIALIZED_AUTOS = YES_AGGRESSIVE;
				GCC_WARN_UNUSED_FUNCTION = YES;
				GCC_WARN_UNUSED_VARIABLE = YES;
				IPHONEOS_DEPLOYMENT_TARGET = 17.2;
				LOCALIZATION_PREFERS_STRING_CATALOGS = YES;
				MTL_ENABLE_DEBUG_INFO = INCLUDE_SOURCE;
				MTL_FAST_MATH = YES;
				ONLY_ACTIVE_ARCH = YES;
				SDKROOT = iphoneos;
				SWIFT_ACTIVE_COMPILATION_CONDITIONS = "DEBUG $(inherited)";
				SWIFT_OPTIMIZATION_LEVEL = "-Onone";
			};
			name = Debug;
		};
		50906F9B2BC61F8100995CB8 /* Release */ = {
			isa = XCBuildConfiguration;
			buildSettings = {
				ALWAYS_SEARCH_USER_PATHS = NO;
				ASSETCATALOG_COMPILER_GENERATE_SWIFT_ASSET_SYMBOL_EXTENSIONS = YES;
				CLANG_ANALYZER_NONNULL = YES;
				CLANG_ANALYZER_NUMBER_OBJECT_CONVERSION = YES_AGGRESSIVE;
				CLANG_CXX_LANGUAGE_STANDARD = "gnu++20";
				CLANG_ENABLE_MODULES = YES;
				CLANG_ENABLE_OBJC_ARC = YES;
				CLANG_ENABLE_OBJC_WEAK = YES;
				CLANG_WARN_BLOCK_CAPTURE_AUTORELEASING = YES;
				CLANG_WARN_BOOL_CONVERSION = YES;
				CLANG_WARN_COMMA = YES;
				CLANG_WARN_CONSTANT_CONVERSION = YES;
				CLANG_WARN_DEPRECATED_OBJC_IMPLEMENTATIONS = YES;
				CLANG_WARN_DIRECT_OBJC_ISA_USAGE = YES_ERROR;
				CLANG_WARN_DOCUMENTATION_COMMENTS = YES;
				CLANG_WARN_EMPTY_BODY = YES;
				CLANG_WARN_ENUM_CONVERSION = YES;
				CLANG_WARN_INFINITE_RECURSION = YES;
				CLANG_WARN_INT_CONVERSION = YES;
				CLANG_WARN_NON_LITERAL_NULL_CONVERSION = YES;
				CLANG_WARN_OBJC_IMPLICIT_RETAIN_SELF = YES;
				CLANG_WARN_OBJC_LITERAL_CONVERSION = YES;
				CLANG_WARN_OBJC_ROOT_CLASS = YES_ERROR;
				CLANG_WARN_QUOTED_INCLUDE_IN_FRAMEWORK_HEADER = YES;
				CLANG_WARN_RANGE_LOOP_ANALYSIS = YES;
				CLANG_WARN_STRICT_PROTOTYPES = YES;
				CLANG_WARN_SUSPICIOUS_MOVE = YES;
				CLANG_WARN_UNGUARDED_AVAILABILITY = YES_AGGRESSIVE;
				CLANG_WARN_UNREACHABLE_CODE = YES;
				CLANG_WARN__DUPLICATE_METHOD_MATCH = YES;
				COPY_PHASE_STRIP = NO;
				DEBUG_INFORMATION_FORMAT = "dwarf-with-dsym";
				ENABLE_NS_ASSERTIONS = NO;
				ENABLE_STRICT_OBJC_MSGSEND = YES;
				ENABLE_USER_SCRIPT_SANDBOXING = YES;
				GCC_C_LANGUAGE_STANDARD = gnu17;
				GCC_NO_COMMON_BLOCKS = YES;
				GCC_WARN_64_TO_32_BIT_CONVERSION = YES;
				GCC_WARN_ABOUT_RETURN_TYPE = YES_ERROR;
				GCC_WARN_UNDECLARED_SELECTOR = YES;
				GCC_WARN_UNINITIALIZED_AUTOS = YES_AGGRESSIVE;
				GCC_WARN_UNUSED_FUNCTION = YES;
				GCC_WARN_UNUSED_VARIABLE = YES;
				IPHONEOS_DEPLOYMENT_TARGET = 17.2;
				LOCALIZATION_PREFERS_STRING_CATALOGS = YES;
				MTL_ENABLE_DEBUG_INFO = NO;
				MTL_FAST_MATH = YES;
				SDKROOT = iphoneos;
				SWIFT_COMPILATION_MODE = wholemodule;
				VALIDATE_PRODUCT = YES;
			};
			name = Release;
		};
		50906F9D2BC61F8100995CB8 /* Debug */ = {
			isa = XCBuildConfiguration;
			buildSettings = {
				ASSETCATALOG_COMPILER_APPICON_NAME = AppIcon;
				ASSETCATALOG_COMPILER_GLOBAL_ACCENT_COLOR_NAME = AccentColor;
				CODE_SIGN_STYLE = Automatic;
				CURRENT_PROJECT_VERSION = 1;
				DEVELOPMENT_ASSET_PATHS = "\"WaterIntake/Preview Content\"";
				ENABLE_PREVIEWS = YES;
				GENERATE_INFOPLIST_FILE = YES;
				INFOPLIST_KEY_UIApplicationSceneManifest_Generation = YES;
				INFOPLIST_KEY_UIApplicationSupportsIndirectInputEvents = YES;
				INFOPLIST_KEY_UILaunchScreen_Generation = YES;
				INFOPLIST_KEY_UISupportedInterfaceOrientations_iPad = "UIInterfaceOrientationPortrait UIInterfaceOrientationPortraitUpsideDown UIInterfaceOrientationLandscapeLeft UIInterfaceOrientationLandscapeRight";
				INFOPLIST_KEY_UISupportedInterfaceOrientations_iPhone = "UIInterfaceOrientationPortrait UIInterfaceOrientationLandscapeLeft UIInterfaceOrientationLandscapeRight";
				LD_RUNPATH_SEARCH_PATHS = (
					"$(inherited)",
					"@executable_path/Frameworks",
				);
				MARKETING_VERSION = 1.0;
				PRODUCT_BUNDLE_IDENTIFIER = com.personalApp.WaterIntake;
				PRODUCT_NAME = "$(TARGET_NAME)";
				SWIFT_EMIT_LOC_STRINGS = YES;
				SWIFT_VERSION = 5.0;
				TARGETED_DEVICE_FAMILY = "1,2";
			};
			name = Debug;
		};
		50906F9E2BC61F8100995CB8 /* Release */ = {
			isa = XCBuildConfiguration;
			buildSettings = {
				ASSETCATALOG_COMPILER_APPICON_NAME = AppIcon;
				ASSETCATALOG_COMPILER_GLOBAL_ACCENT_COLOR_NAME = AccentColor;
				CODE_SIGN_STYLE = Automatic;
				CURRENT_PROJECT_VERSION = 1;
				DEVELOPMENT_ASSET_PATHS = "\"WaterIntake/Preview Content\"";
				ENABLE_PREVIEWS = YES;
				GENERATE_INFOPLIST_FILE = YES;
				INFOPLIST_KEY_UIApplicationSceneManifest_Generation = YES;
				INFOPLIST_KEY_UIApplicationSupportsIndirectInputEvents = YES;
				INFOPLIST_KEY_UILaunchScreen_Generation = YES;
				INFOPLIST_KEY_UISupportedInterfaceOrientations_iPad = "UIInterfaceOrientationPortrait UIInterfaceOrientationPortraitUpsideDown UIInterfaceOrientationLandscapeLeft UIInterfaceOrientationLandscapeRight";
				INFOPLIST_KEY_UISupportedInterfaceOrientations_iPhone = "UIInterfaceOrientationPortrait UIInterfaceOrientationLandscapeLeft UIInterfaceOrientationLandscapeRight";
				LD_RUNPATH_SEARCH_PATHS = (
					"$(inherited)",
					"@executable_path/Frameworks",
				);
				MARKETING_VERSION = 1.0;
				PRODUCT_BUNDLE_IDENTIFIER = com.personalApp.WaterIntake;
				PRODUCT_NAME = "$(TARGET_NAME)";
				SWIFT_EMIT_LOC_STRINGS = YES;
				SWIFT_VERSION = 5.0;
				TARGETED_DEVICE_FAMILY = "1,2";
			};
			name = Release;
		};
		50906FA02BC61F8100995CB8 /* Debug */ = {
			isa = XCBuildConfiguration;
			buildSettings = {
				ALWAYS_EMBED_SWIFT_STANDARD_LIBRARIES = YES;
				BUNDLE_LOADER = "$(TEST_HOST)";
				CODE_SIGN_STYLE = Automatic;
				CURRENT_PROJECT_VERSION = 1;
				GENERATE_INFOPLIST_FILE = YES;
				IPHONEOS_DEPLOYMENT_TARGET = 17.2;
				MARKETING_VERSION = 1.0;
				PRODUCT_BUNDLE_IDENTIFIER = com.personalApp.WaterIntakeTests;
				PRODUCT_NAME = "$(TARGET_NAME)";
				SWIFT_EMIT_LOC_STRINGS = NO;
				SWIFT_VERSION = 5.0;
				TARGETED_DEVICE_FAMILY = "1,2";
				TEST_HOST = "$(BUILT_PRODUCTS_DIR)/WaterIntake.app/$(BUNDLE_EXECUTABLE_FOLDER_PATH)/WaterIntake";
			};
			name = Debug;
		};
		50906FA12BC61F8100995CB8 /* Release */ = {
			isa = XCBuildConfiguration;
			buildSettings = {
				ALWAYS_EMBED_SWIFT_STANDARD_LIBRARIES = YES;
				BUNDLE_LOADER = "$(TEST_HOST)";
				CODE_SIGN_STYLE = Automatic;
				CURRENT_PROJECT_VERSION = 1;
				GENERATE_INFOPLIST_FILE = YES;
				IPHONEOS_DEPLOYMENT_TARGET = 17.2;
				MARKETING_VERSION = 1.0;
				PRODUCT_BUNDLE_IDENTIFIER = com.personalApp.WaterIntakeTests;
				PRODUCT_NAME = "$(TARGET_NAME)";
				SWIFT_EMIT_LOC_STRINGS = NO;
				SWIFT_VERSION = 5.0;
				TARGETED_DEVICE_FAMILY = "1,2";
				TEST_HOST = "$(BUILT_PRODUCTS_DIR)/WaterIntake.app/$(BUNDLE_EXECUTABLE_FOLDER_PATH)/WaterIntake";
			};
			name = Release;
		};
		50906FA32BC61F8100995CB8 /* Debug */ = {
			isa = XCBuildConfiguration;
			buildSettings = {
				ALWAYS_EMBED_SWIFT_STANDARD_LIBRARIES = YES;
				CODE_SIGN_STYLE = Automatic;
				CURRENT_PROJECT_VERSION = 1;
				GENERATE_INFOPLIST_FILE = YES;
				MARKETING_VERSION = 1.0;
				PRODUCT_BUNDLE_IDENTIFIER = com.personalApp.WaterIntakeUITests;
				PRODUCT_NAME = "$(TARGET_NAME)";
				SWIFT_EMIT_LOC_STRINGS = NO;
				SWIFT_VERSION = 5.0;
				TARGETED_DEVICE_FAMILY = "1,2";
				TEST_TARGET_NAME = WaterIntake;
			};
			name = Debug;
		};
		50906FA42BC61F8100995CB8 /* Release */ = {
			isa = XCBuildConfiguration;
			buildSettings = {
				ALWAYS_EMBED_SWIFT_STANDARD_LIBRARIES = YES;
				CODE_SIGN_STYLE = Automatic;
				CURRENT_PROJECT_VERSION = 1;
				GENERATE_INFOPLIST_FILE = YES;
				MARKETING_VERSION = 1.0;
				PRODUCT_BUNDLE_IDENTIFIER = com.personalApp.WaterIntakeUITests;
				PRODUCT_NAME = "$(TARGET_NAME)";
				SWIFT_EMIT_LOC_STRINGS = NO;
				SWIFT_VERSION = 5.0;
				TARGETED_DEVICE_FAMILY = "1,2";
				TEST_TARGET_NAME = WaterIntake;
			};
			name = Release;
		};
/* End XCBuildConfiguration section */

/* Begin XCConfigurationList section */
		50906F732BC61F6C00995CB8 /* Build configuration list for PBXProject "WaterIntake" */ = {
			isa = XCConfigurationList;
			buildConfigurations = (
				50906F9A2BC61F8100995CB8 /* Debug */,
				50906F9B2BC61F8100995CB8 /* Release */,
			);
			defaultConfigurationIsVisible = 0;
			defaultConfigurationName = Release;
		};
		50906F9C2BC61F8100995CB8 /* Build configuration list for PBXNativeTarget "WaterIntake" */ = {
			isa = XCConfigurationList;
			buildConfigurations = (
				50906F9D2BC61F8100995CB8 /* Debug */,
				50906F9E2BC61F8100995CB8 /* Release */,
			);
			defaultConfigurationIsVisible = 0;
			defaultConfigurationName = Release;
		};
		50906F9F2BC61F8100995CB8 /* Build configuration list for PBXNativeTarget "WaterIntakeTests" */ = {
			isa = XCConfigurationList;
			buildConfigurations = (
				50906FA02BC61F8100995CB8 /* Debug */,
				50906FA12BC61F8100995CB8 /* Release */,
			);
			defaultConfigurationIsVisible = 0;
			defaultConfigurationName = Release;
		};
		50906FA22BC61F8100995CB8 /* Build configuration list for PBXNativeTarget "WaterIntakeUITests" */ = {
			isa = XCConfigurationList;
			buildConfigurations = (
				50906FA32BC61F8100995CB8 /* Debug */,
				50906FA42BC61F8100995CB8 /* Release */,
			);
			defaultConfigurationIsVisible = 0;
			defaultConfigurationName = Release;
		};
/* End XCConfigurationList section */

/* Begin XCRemoteSwiftPackageReference section */
		50906FA62BC63FDE00995CB8 /* XCRemoteSwiftPackageReference "ChartView" */ = {
			isa = XCRemoteSwiftPackageReference;
			repositoryURL = "https://github.com/AppPear/ChartView";
			requirement = {
				kind = upToNextMajorVersion;
				minimumVersion = 1.5.5;
			};
		};
/* End XCRemoteSwiftPackageReference section */

/* Begin XCSwiftPackageProductDependency section */
		50906FA72BC63FDE00995CB8 /* SwiftUICharts */ = {
			isa = XCSwiftPackageProductDependency;
			package = 50906FA62BC63FDE00995CB8 /* XCRemoteSwiftPackageReference "ChartView" */;
			productName = SwiftUICharts;
		};
/* End XCSwiftPackageProductDependency section */
	};
	rootObject = 50906F702BC61F6C00995CB8 /* Project object */;
}
